
Microsoft Visual Studio Solution File, Format Version 12.00
# Visual Studio Version 16
VisualStudioVersion = 16.0.29418.71
MinimumVisualStudioVersion = 10.0.40219.1
Project("{FAE04EC0-301F-11D3-BF4B-00C04F79EFBC}") = "MazeRunner", "MazeRunner.csproj", "{7F7634AE-FA18-4ABD-A673-3068501B69EB}"
EndProject
Global
	GlobalSection(SolutionConfigurationPlatforms) = preSolution
		Debug|Any CPU = Debug|Any CPU
		Release|Any CPU = Release|Any CPU
	EndGlobalSection
	GlobalSection(ProjectConfigurationPlatforms) = postSolution
		{7F7634AE-FA18-4ABD-A673-3068501B69EB}.Debug|Any CPU.ActiveCfg = Debug|Any CPU
		{7F7634AE-FA18-4ABD-A673-3068501B69EB}.Debug|Any CPU.Build.0 = Debug|Any CPU
		{7F7634AE-FA18-4ABD-A673-3068501B69EB}.Release|Any CPU.ActiveCfg = Release|Any CPU
		{7F7634AE-FA18-4ABD-A673-3068501B69EB}.Release|Any CPU.Build.0 = Release|Any CPU
	EndGlobalSection
	GlobalSection(SolutionProperties) = preSolution
		HideSolutionNode = FALSE
	EndGlobalSection
	GlobalSection(ExtensibilityGlobals) = postSolution
		SolutionGuid = {D31FC23C-BEA5-45C7-92E0-8AC3F81C0B26}
	EndGlobalSection
EndGlobal
